
Microsoft Visual Studio Solution File, Format Version 12.00
# Visual Studio Version 17
VisualStudioVersion = 17.0.32014.148
MinimumVisualStudioVersion = 10.0.40219.1
Project("{FAE04EC0-301F-11D3-BF4B-00C04F79EFBC}") = "test0102_Module28", "test0102_Module28\test0102_Module28.csproj", "{26BDEFD8-1A12-40C4-8023-876060BB79CB}"
EndProject
Global
	GlobalSection(SolutionConfigurationPlatforms) = preSolution
		Debug|Any CPU = Debug|Any CPU
		Release|Any CPU = Release|Any CPU
	EndGlobalSection
	GlobalSection(ProjectConfigurationPlatforms) = postSolution
		{26BDEFD8-1A12-40C4-8023-876060BB79CB}.Debug|Any CPU.ActiveCfg = Debug|Any CPU
		{26BDEFD8-1A12-40C4-8023-876060BB79CB}.Debug|Any CPU.Build.0 = Debug|Any CPU
		{26BDEFD8-1A12-40C4-8023-876060BB79CB}.Release|Any CPU.ActiveCfg = Release|Any CPU
		{26BDEFD8-1A12-40C4-8023-876060BB79CB}.Release|Any CPU.Build.0 = Release|Any CPU
	EndGlobalSection
	GlobalSection(SolutionProperties) = preSolution
		HideSolutionNode = FALSE
	EndGlobalSection
	GlobalSection(ExtensibilityGlobals) = postSolution
		SolutionGuid = {3BC9D576-FDD9-4CFB-8B7E-00EEEF68996E}
	EndGlobalSection
EndGlobal
