
Microsoft Visual Studio Solution File, Format Version 12.00
# Visual Studio Version 17
VisualStudioVersion = 17.0.32014.148
MinimumVisualStudioVersion = 10.0.40219.1
Project("{FAE04EC0-301F-11D3-BF4B-00C04F79EFBC}") = "work1231_Module32", "work1231_Module32\work1231_Module32.csproj", "{F00C50CA-6CE0-492B-AFF5-7334D678E8AA}"
EndProject
Global
	GlobalSection(SolutionConfigurationPlatforms) = preSolution
		Debug|Any CPU = Debug|Any CPU
		Release|Any CPU = Release|Any CPU
	EndGlobalSection
	GlobalSection(ProjectConfigurationPlatforms) = postSolution
		{F00C50CA-6CE0-492B-AFF5-7334D678E8AA}.Debug|Any CPU.ActiveCfg = Debug|Any CPU
		{F00C50CA-6CE0-492B-AFF5-7334D678E8AA}.Debug|Any CPU.Build.0 = Debug|Any CPU
		{F00C50CA-6CE0-492B-AFF5-7334D678E8AA}.Release|Any CPU.ActiveCfg = Release|Any CPU
		{F00C50CA-6CE0-492B-AFF5-7334D678E8AA}.Release|Any CPU.Build.0 = Release|Any CPU
	EndGlobalSection
	GlobalSection(SolutionProperties) = preSolution
		HideSolutionNode = FALSE
	EndGlobalSection
	GlobalSection(ExtensibilityGlobals) = postSolution
		SolutionGuid = {7090FC77-C6E5-4D58-83E2-46149D18DCDF}
	EndGlobalSection
EndGlobal
